
Microsoft Visual Studio Solution File, Format Version 12.00
# Visual Studio Version 16
VisualStudioVersion = 16.0.30104.148
MinimumVisualStudioVersion = 10.0.40219.1
Project("{FAE04EC0-301F-11D3-BF4B-00C04F79EFBC}") = "BlueTurtleDog.Testing.ReadJson", "BlueTurtleDog.Testing.ReadJson\BlueTurtleDog.Testing.ReadJson.csproj", "{9E027402-A73E-4397-92D7-EE9CE7DA62CE}"
EndProject
Project("{FAE04EC0-301F-11D3-BF4B-00C04F79EFBC}") = "BlueTurtleDog.Testing.CreateCsvForPortfolio", "BlueTurtleDog.Testing.CreateCsvForPortfolio\BlueTurtleDog.Testing.CreateCsvForPortfolio.csproj", "{C2DB8958-6CE1-4F72-9AC3-09972217DA02}"
EndProject
Project("{FAE04EC0-301F-11D3-BF4B-00C04F79EFBC}") = "BlueTurtleDog.Testing.Data", "BlueTurtleDog.Testing.Data\BlueTurtleDog.Testing.Data.csproj", "{8760377D-715C-41AC-BAD1-45237B95F962}"
EndProject
Global
	GlobalSection(SolutionConfigurationPlatforms) = preSolution
		Debug|Any CPU = Debug|Any CPU
		Release|Any CPU = Release|Any CPU
	EndGlobalSection
	GlobalSection(ProjectConfigurationPlatforms) = postSolution
		{9E027402-A73E-4397-92D7-EE9CE7DA62CE}.Debug|Any CPU.ActiveCfg = Debug|Any CPU
		{9E027402-A73E-4397-92D7-EE9CE7DA62CE}.Debug|Any CPU.Build.0 = Debug|Any CPU
		{9E027402-A73E-4397-92D7-EE9CE7DA62CE}.Release|Any CPU.ActiveCfg = Release|Any CPU
		{9E027402-A73E-4397-92D7-EE9CE7DA62CE}.Release|Any CPU.Build.0 = Release|Any CPU
		{C2DB8958-6CE1-4F72-9AC3-09972217DA02}.Debug|Any CPU.ActiveCfg = Debug|Any CPU
		{C2DB8958-6CE1-4F72-9AC3-09972217DA02}.Debug|Any CPU.Build.0 = Debug|Any CPU
		{C2DB8958-6CE1-4F72-9AC3-09972217DA02}.Release|Any CPU.ActiveCfg = Release|Any CPU
		{C2DB8958-6CE1-4F72-9AC3-09972217DA02}.Release|Any CPU.Build.0 = Release|Any CPU
		{8760377D-715C-41AC-BAD1-45237B95F962}.Debug|Any CPU.ActiveCfg = Debug|Any CPU
		{8760377D-715C-41AC-BAD1-45237B95F962}.Debug|Any CPU.Build.0 = Debug|Any CPU
		{8760377D-715C-41AC-BAD1-45237B95F962}.Release|Any CPU.ActiveCfg = Release|Any CPU
		{8760377D-715C-41AC-BAD1-45237B95F962}.Release|Any CPU.Build.0 = Release|Any CPU
	EndGlobalSection
	GlobalSection(SolutionProperties) = preSolution
		HideSolutionNode = FALSE
	EndGlobalSection
	GlobalSection(ExtensibilityGlobals) = postSolution
		SolutionGuid = {A399B3B4-6EF6-491A-B599-A1B620D0BAB8}
	EndGlobalSection
EndGlobal
